
Microsoft Visual Studio Solution File, Format Version 12.00
# Visual Studio Version 17
VisualStudioVersion = 17.0.31903.59
MinimumVisualStudioVersion = 10.0.40219.1
Project("{2150E333-8FDC-42A3-9474-1A3956D46DE8}") = "src", "src", "{827E0CD3-B72D-47B6-A68D-7590B98EB39B}"
EndProject
Project("{FAE04EC0-301F-11D3-BF4B-00C04F79EFBC}") = "JobTrack.Api", "src\JobTrack.Api\JobTrack.Api.csproj", "{0660E928-CC59-4B6C-9BA3-F96BDFC3C930}"
EndProject
Project("{FAE04EC0-301F-11D3-BF4B-00C04F79EFBC}") = "JobTrack.Modules", "src\JobTrack.Modules\JobTrack.Modules.csproj", "{E18DC157-7C6C-4628-ABF1-BC8D6934B78A}"
EndProject
Project("{FAE04EC0-301F-11D3-BF4B-00C04F79EFBC}") = "JobTrack.Database", "src\JobTrack.Database\JobTrack.Database.csproj", "{C61BAF02-4E44-476C-A20C-597932ABA58A}"
EndProject
Project("{FAE04EC0-301F-11D3-BF4B-00C04F79EFBC}") = "JobTrack.Core", "src\JobTrack.Core\JobTrack.Core.csproj", "{2CBB9B53-4284-4100-8AA9-5CC392ABDA6D}"
EndProject
Project("{FAE04EC0-301F-11D3-BF4B-00C04F79EFBC}") = "JobTrack.Common", "src\JobTrack.Common\JobTrack.Common.csproj", "{A341FF43-CAEF-4A34-BC84-28E74BA67360}"
EndProject
Global
	GlobalSection(SolutionConfigurationPlatforms) = preSolution
		Debug|Any CPU = Debug|Any CPU
		Debug|x64 = Debug|x64
		Debug|x86 = Debug|x86
		Release|Any CPU = Release|Any CPU
		Release|x64 = Release|x64
		Release|x86 = Release|x86
	EndGlobalSection
	GlobalSection(ProjectConfigurationPlatforms) = postSolution
		{0660E928-CC59-4B6C-9BA3-F96BDFC3C930}.Debug|Any CPU.ActiveCfg = Debug|Any CPU
		{0660E928-CC59-4B6C-9BA3-F96BDFC3C930}.Debug|Any CPU.Build.0 = Debug|Any CPU
		{0660E928-CC59-4B6C-9BA3-F96BDFC3C930}.Debug|x64.ActiveCfg = Debug|Any CPU
		{0660E928-CC59-4B6C-9BA3-F96BDFC3C930}.Debug|x64.Build.0 = Debug|Any CPU
		{0660E928-CC59-4B6C-9BA3-F96BDFC3C930}.Debug|x86.ActiveCfg = Debug|Any CPU
		{0660E928-CC59-4B6C-9BA3-F96BDFC3C930}.Debug|x86.Build.0 = Debug|Any CPU
		{0660E928-CC59-4B6C-9BA3-F96BDFC3C930}.Release|Any CPU.ActiveCfg = Release|Any CPU
		{0660E928-CC59-4B6C-9BA3-F96BDFC3C930}.Release|Any CPU.Build.0 = Release|Any CPU
		{0660E928-CC59-4B6C-9BA3-F96BDFC3C930}.Release|x64.ActiveCfg = Release|Any CPU
		{0660E928-CC59-4B6C-9BA3-F96BDFC3C930}.Release|x64.Build.0 = Release|Any CPU
		{0660E928-CC59-4B6C-9BA3-F96BDFC3C930}.Release|x86.ActiveCfg = Release|Any CPU
		{0660E928-CC59-4B6C-9BA3-F96BDFC3C930}.Release|x86.Build.0 = Release|Any CPU
		{E18DC157-7C6C-4628-ABF1-BC8D6934B78A}.Debug|Any CPU.ActiveCfg = Debug|Any CPU
		{E18DC157-7C6C-4628-ABF1-BC8D6934B78A}.Debug|Any CPU.Build.0 = Debug|Any CPU
		{E18DC157-7C6C-4628-ABF1-BC8D6934B78A}.Debug|x64.ActiveCfg = Debug|Any CPU
		{E18DC157-7C6C-4628-ABF1-BC8D6934B78A}.Debug|x64.Build.0 = Debug|Any CPU
		{E18DC157-7C6C-4628-ABF1-BC8D6934B78A}.Debug|x86.ActiveCfg = Debug|Any CPU
		{E18DC157-7C6C-4628-ABF1-BC8D6934B78A}.Debug|x86.Build.0 = Debug|Any CPU
		{E18DC157-7C6C-4628-ABF1-BC8D6934B78A}.Release|Any CPU.ActiveCfg = Release|Any CPU
		{E18DC157-7C6C-4628-ABF1-BC8D6934B78A}.Release|Any CPU.Build.0 = Release|Any CPU
		{E18DC157-7C6C-4628-ABF1-BC8D6934B78A}.Release|x64.ActiveCfg = Release|Any CPU
		{E18DC157-7C6C-4628-ABF1-BC8D6934B78A}.Release|x64.Build.0 = Release|Any CPU
		{E18DC157-7C6C-4628-ABF1-BC8D6934B78A}.Release|x86.ActiveCfg = Release|Any CPU
		{E18DC157-7C6C-4628-ABF1-BC8D6934B78A}.Release|x86.Build.0 = Release|Any CPU
		{C61BAF02-4E44-476C-A20C-597932ABA58A}.Debug|Any CPU.ActiveCfg = Debug|Any CPU
		{C61BAF02-4E44-476C-A20C-597932ABA58A}.Debug|Any CPU.Build.0 = Debug|Any CPU
		{C61BAF02-4E44-476C-A20C-597932ABA58A}.Debug|x64.ActiveCfg = Debug|Any CPU
		{C61BAF02-4E44-476C-A20C-597932ABA58A}.Debug|x64.Build.0 = Debug|Any CPU
		{C61BAF02-4E44-476C-A20C-597932ABA58A}.Debug|x86.ActiveCfg = Debug|Any CPU
		{C61BAF02-4E44-476C-A20C-597932ABA58A}.Debug|x86.Build.0 = Debug|Any CPU
		{C61BAF02-4E44-476C-A20C-597932ABA58A}.Release|Any CPU.ActiveCfg = Release|Any CPU
		{C61BAF02-4E44-476C-A20C-597932ABA58A}.Release|Any CPU.Build.0 = Release|Any CPU
		{C61BAF02-4E44-476C-A20C-597932ABA58A}.Release|x64.ActiveCfg = Release|Any CPU
		{C61BAF02-4E44-476C-A20C-597932ABA58A}.Release|x64.Build.0 = Release|Any CPU
		{C61BAF02-4E44-476C-A20C-597932ABA58A}.Release|x86.ActiveCfg = Release|Any CPU
		{C61BAF02-4E44-476C-A20C-597932ABA58A}.Release|x86.Build.0 = Release|Any CPU
		{2CBB9B53-4284-4100-8AA9-5CC392ABDA6D}.Debug|Any CPU.ActiveCfg = Debug|Any CPU
		{2CBB9B53-4284-4100-8AA9-5CC392ABDA6D}.Debug|Any CPU.Build.0 = Debug|Any CPU
		{2CBB9B53-4284-4100-8AA9-5CC392ABDA6D}.Debug|x64.ActiveCfg = Debug|Any CPU
		{2CBB9B53-4284-4100-8AA9-5CC392ABDA6D}.Debug|x64.Build.0 = Debug|Any CPU
		{2CBB9B53-4284-4100-8AA9-5CC392ABDA6D}.Debug|x86.ActiveCfg = Debug|Any CPU
		{2CBB9B53-4284-4100-8AA9-5CC392ABDA6D}.Debug|x86.Build.0 = Debug|Any CPU
		{2CBB9B53-4284-4100-8AA9-5CC392ABDA6D}.Release|Any CPU.ActiveCfg = Release|Any CPU
		{2CBB9B53-4284-4100-8AA9-5CC392ABDA6D}.Release|Any CPU.Build.0 = Release|Any CPU
		{2CBB9B53-4284-4100-8AA9-5CC392ABDA6D}.Release|x64.ActiveCfg = Release|Any CPU
		{2CBB9B53-4284-4100-8AA9-5CC392ABDA6D}.Release|x64.Build.0 = Release|Any CPU
		{2CBB9B53-4284-4100-8AA9-5CC392ABDA6D}.Release|x86.ActiveCfg = Release|Any CPU
		{2CBB9B53-4284-4100-8AA9-5CC392ABDA6D}.Release|x86.Build.0 = Release|Any CPU
		{A341FF43-CAEF-4A34-BC84-28E74BA67360}.Debug|Any CPU.ActiveCfg = Debug|Any CPU
		{A341FF43-CAEF-4A34-BC84-28E74BA67360}.Debug|Any CPU.Build.0 = Debug|Any CPU
		{A341FF43-CAEF-4A34-BC84-28E74BA67360}.Debug|x64.ActiveCfg = Debug|Any CPU
		{A341FF43-CAEF-4A34-BC84-28E74BA67360}.Debug|x64.Build.0 = Debug|Any CPU
		{A341FF43-CAEF-4A34-BC84-28E74BA67360}.Debug|x86.ActiveCfg = Debug|Any CPU
		{A341FF43-CAEF-4A34-BC84-28E74BA67360}.Debug|x86.Build.0 = Debug|Any CPU
		{A341FF43-CAEF-4A34-BC84-28E74BA67360}.Release|Any CPU.ActiveCfg = Release|Any CPU
		{A341FF43-CAEF-4A34-BC84-28E74BA67360}.Release|Any CPU.Build.0 = Release|Any CPU
		{A341FF43-CAEF-4A34-BC84-28E74BA67360}.Release|x64.ActiveCfg = Release|Any CPU
		{A341FF43-CAEF-4A34-BC84-28E74BA67360}.Release|x64.Build.0 = Release|Any CPU
		{A341FF43-CAEF-4A34-BC84-28E74BA67360}.Release|x86.ActiveCfg = Release|Any CPU
		{A341FF43-CAEF-4A34-BC84-28E74BA67360}.Release|x86.Build.0 = Release|Any CPU
	EndGlobalSection
	GlobalSection(SolutionProperties) = preSolution
		HideSolutionNode = FALSE
	EndGlobalSection
	GlobalSection(NestedProjects) = preSolution
		{0660E928-CC59-4B6C-9BA3-F96BDFC3C930} = {827E0CD3-B72D-47B6-A68D-7590B98EB39B}
		{E18DC157-7C6C-4628-ABF1-BC8D6934B78A} = {827E0CD3-B72D-47B6-A68D-7590B98EB39B}
		{C61BAF02-4E44-476C-A20C-597932ABA58A} = {827E0CD3-B72D-47B6-A68D-7590B98EB39B}
		{2CBB9B53-4284-4100-8AA9-5CC392ABDA6D} = {827E0CD3-B72D-47B6-A68D-7590B98EB39B}
		{A341FF43-CAEF-4A34-BC84-28E74BA67360} = {827E0CD3-B72D-47B6-A68D-7590B98EB39B}
	EndGlobalSection
EndGlobal
